<?xml version="1.0" encoding="utf-8"?>
<Project ToolsVersion="4.0" xmlns="http://schemas.microsoft.com/developer/msbuild/2003">
  <ItemGroup>
    <Filter Include="리소스 파일">
      <UniqueIdentifier>{67DA6AB6-F800-4c08-8B7A-83BB121AAD01}</UniqueIdentifier>
      <Extensions>rc;ico;cur;bmp;dlg;rc2;rct;bin;rgs;gif;jpg;jpeg;jpe;resx;tiff;tif;png;wav;mfcribbon-ms</Extensions>
    </Filter>
    <Filter Include="Headers">
      <UniqueIdentifier>{93995380-89BD-4b04-88EB-625FBE52EBFB}</UniqueIdentifier>
      <Extensions>h;hpp;hxx;hm;inl;inc;xsd</Extensions>
    </Filter>
    <Filter Include="Sources">
      <UniqueIdentifier>{4FC737F1-C7A5-4376-A066-2A32D752A2FF}</UniqueIdentifier>
      <Extensions>cpp;c;cc;cxx;def;odl;idl;hpj;bat;asm;asmx</Extensions>
    </Filter>
  </ItemGroup>
  <ItemGroup>
    <None Include="UserImages.bmp">
      <Filter>리소스 파일</Filter>
    </None>
    <None Include="res\OnlineTetris.rc2">
      <Filter>리소스 파일</Filter>
    </None>
    <None Include="res\OnlineTetrisDoc.ico">
      <Filter>리소스 파일</Filter>
    </None>
    <None Include="res\OnlineTetris.ico">
      <Filter>리소스 파일</Filter>
    </None>
    <None Include="res\Toolbar.bmp">
      <Filter>리소스 파일</Filter>
    </None>
    <None Include="res\Toolbar256.bmp">
      <Filter>리소스 파일</Filter>
    </None>
    <None Include="res\ready.bmp">
      <Filter>리소스 파일</Filter>
    </None>
    <None Include="res\bitmap1.bmp">
      <Filter>리소스 파일</Filter>
    </None>
    <None Include="res\GMINO.bmp">
      <Filter>리소스 파일</Filter>
    </None>
    <None Include="res\IMINO.bmp">
      <Filter>리소스 파일</Filter>
    </None>
    <None Include="res\JMINO.bmp">
      <Filter>리소스 파일</Filter>
    </None>
    <None Include="res\LMINO.bmp">
      <Filter>리소스 파일</Filter>
    </None>
    <None Include="res\SMINO.bmp">
      <Filter>리소스 파일</Filter>
    </None>
    <None Include="res\TMINO.bmp">
      <Filter>리소스 파일</Filter>
    </None>
    <None Include="res\ZMINO.bmp">
      <Filter>리소스 파일</Filter>
    </None>
    <None Include="res\OMINO.bmp">
      <Filter>리소스 파일</Filter>
    </None>
    <None Include="res\SUBIMINO.bmp">
      <Filter>리소스 파일</Filter>
    </None>
    <None Include="res\SUBJMINO.bmp">
      <Filter>리소스 파일</Filter>
    </None>
    <None Include="res\SUBLMINO.bmp">
      <Filter>리소스 파일</Filter>
    </None>
    <None Include="res\SUBOMINO.bmp">
      <Filter>리소스 파일</Filter>
    </None>
    <None Include="res\SUBSMINO.bmp">
      <Filter>리소스 파일</Filter>
    </None>
    <None Include="res\SUBTMINO.bmp">
      <Filter>리소스 파일</Filter>
    </None>
    <None Include="res\SUBZMINO.bmp">
      <Filter>리소스 파일</Filter>
    </None>
    <None Include="res\MAIN_BG.bmp">
      <Filter>리소스 파일</Filter>
    </None>
    <None Include="res\SUB_BK.bmp">
      <Filter>리소스 파일</Filter>
    </None>
    <None Include="res\bitmap2.bmp">
      <Filter>리소스 파일</Filter>
    </None>
    <None Include="res\winbk.bmp">
      <Filter>리소스 파일</Filter>
    </None>
    <None Include="res\MainDeadBk.bmp">
      <Filter>리소스 파일</Filter>
    </None>
    <None Include="res\SubDeadBk.bmp">
      <Filter>리소스 파일</Filter>
    </None>
    <None Include="res\win.bmp">
      <Filter>리소스 파일</Filter>
    </None>
    <None Include="res\NextBoardBg.bmp">
      <Filter>리소스 파일</Filter>
    </None>
    <None Include="res\Bradinsky.wav">
      <Filter>리소스 파일</Filter>
    </None>
    <None Include="res\fever.wav">
      <Filter>리소스 파일</Filter>
    </None>
    <None Include="res\Kalinka.wav">
      <Filter>리소스 파일</Filter>
    </None>
    <None Include="res\Loginska.wav">
      <Filter>리소스 파일</Filter>
    </None>
    <None Include="res\Troika.wav">
      <Filter>리소스 파일</Filter>
    </None>
  </ItemGroup>
  <ItemGroup>
    <ClInclude Include="OnlineTetris.h">
      <Filter>Headers</Filter>
    </ClInclude>
    <ClInclude Include="stdafx.h">
      <Filter>Headers</Filter>
    </ClInclude>
    <ClInclude Include="targetver.h">
      <Filter>Headers</Filter>
    </ClInclude>
    <ClInclude Include="MainFrm.h">
      <Filter>Headers</Filter>
    </ClInclude>
    <ClInclude Include="MyDoc.h">
      <Filter>Headers</Filter>
    </ClInclude>
    <ClInclude Include="MyView.h">
      <Filter>Headers</Filter>
    </ClInclude>
    <ClInclude Include="Resource.h">
      <Filter>Headers</Filter>
    </ClInclude>
    <ClInclude Include="MyEdit.h">
      <Filter>Headers</Filter>
    </ClInclude>
    <ClInclude Include="OptionDialog.h">
      <Filter>Headers</Filter>
    </ClInclude>
    <ClInclude Include="MyButton.h">
      <Filter>Headers</Filter>
    </ClInclude>
    <ClInclude Include="WaitingRoom.h">
      <Filter>Headers</Filter>
    </ClInclude>
    <ClInclude Include="EnteringDialog.h">
      <Filter>Headers</Filter>
    </ClInclude>
    <ClInclude Include="StringManager.h">
      <Filter>Headers</Filter>
    </ClInclude>
    <ClInclude Include="TClientSocket.h">
      <Filter>Headers</Filter>
    </ClInclude>
    <ClInclude Include="TUserClient.h">
      <Filter>Headers</Filter>
    </ClInclude>
    <ClInclude Include="SocketImpl.h">
      <Filter>Headers</Filter>
    </ClInclude>
    <ClInclude Include="Messenger.h">
      <Filter>Headers</Filter>
    </ClInclude>
  </ItemGroup>
  <ItemGroup>
    <ClCompile Include="OnlineTetris.cpp">
      <Filter>Sources</Filter>
    </ClCompile>
    <ClCompile Include="stdafx.cpp">
      <Filter>Sources</Filter>
    </ClCompile>
    <ClCompile Include="MainFrm.cpp">
      <Filter>Sources</Filter>
    </ClCompile>
    <ClCompile Include="MyDoc.cpp">
      <Filter>Sources</Filter>
    </ClCompile>
    <ClCompile Include="MyView.cpp">
      <Filter>Sources</Filter>
    </ClCompile>
    <ClCompile Include="MyEdit.cpp">
      <Filter>Sources</Filter>
    </ClCompile>
    <ClCompile Include="OptionDialog.cpp">
      <Filter>Sources</Filter>
    </ClCompile>
    <ClCompile Include="MyButton.cpp">
      <Filter>Sources</Filter>
    </ClCompile>
    <ClCompile Include="WaitingRoom.cpp">
      <Filter>Sources</Filter>
    </ClCompile>
    <ClCompile Include="EnteringDialog.cpp">
      <Filter>Sources</Filter>
    </ClCompile>
    <ClCompile Include="StringManager.cpp">
      <Filter>Sources</Filter>
    </ClCompile>
    <ClCompile Include="SocketImpl.cpp">
      <Filter>Sources</Filter>
    </ClCompile>
    <ClCompile Include="TClientSocket.cpp">
      <Filter>Sources</Filter>
    </ClCompile>
    <ClCompile Include="TUserClient.cpp">
      <Filter>Sources</Filter>
    </ClCompile>
    <ClCompile Include="Messenger.cpp">
      <Filter>Sources</Filter>
    </ClCompile>
  </ItemGroup>
  <ItemGroup>
    <ResourceCompile Include="OnlineTetris.rc">
      <Filter>리소스 파일</Filter>
    </ResourceCompile>
  </ItemGroup>
</Project>