<?xml version="1.0" encoding="utf-8"?>
<Project ToolsVersion="4.0" xmlns="http://schemas.microsoft.com/developer/msbuild/2003">
  <ItemGroup>
    <Filter Include="Source Files">
      <UniqueIdentifier>{4FC737F1-C7A5-4376-A066-2A32D752A2FF}</UniqueIdentifier>
      <Extensions>cpp;c;cc;cxx;def;odl;idl;hpj;bat;asm;asmx</Extensions>
    </Filter>
    <Filter Include="Header Files">
      <UniqueIdentifier>{93995380-89BD-4b04-88EB-625FBE52EBFB}</UniqueIdentifier>
      <Extensions>h;hh;hpp;hxx;hm;inl;inc;xsd</Extensions>
    </Filter>
    <Filter Include="Resource Files">
      <UniqueIdentifier>{67DA6AB6-F800-4c08-8B7A-83BB121AAD01}</UniqueIdentifier>
      <Extensions>rc;ico;cur;bmp;dlg;rc2;rct;bin;rgs;gif;jpg;jpeg;jpe;resx;tiff;tif;png;wav;mfcribbon-ms</Extensions>
    </Filter>
    <Filter Include="Entity">
      <UniqueIdentifier>{825e1103-7adf-4236-a722-a1e447a68df1}</UniqueIdentifier>
    </Filter>
    <Filter Include="Entity\Room">
      <UniqueIdentifier>{9239b12a-ec94-4634-96a3-7db3f74b98be}</UniqueIdentifier>
    </Filter>
  </ItemGroup>
  <ItemGroup>
    <ClInclude Include="structs.h">
      <Filter>Header Files</Filter>
    </ClInclude>
    <ClInclude Include="Validator.h">
      <Filter>Header Files</Filter>
    </ClInclude>
    <ClInclude Include="DefineInfo.h">
      <Filter>Header Files</Filter>
    </ClInclude>
    <ClInclude Include="Logger.h">
      <Filter>Header Files</Filter>
    </ClInclude>
    <ClInclude Include="TType.h">
      <Filter>Header Files</Filter>
    </ClInclude>
    <ClInclude Include="ITObjectContainer.h">
      <Filter>Header Files</Filter>
    </ClInclude>
    <ClInclude Include="TAtomic.h">
      <Filter>Header Files</Filter>
    </ClInclude>
    <ClInclude Include="TObjectContainer.h">
      <Filter>Header Files</Filter>
    </ClInclude>
    <ClInclude Include="TObjectContainerFactory.h">
      <Filter>Header Files</Filter>
    </ClInclude>
    <ClInclude Include="TMessageThread.h">
      <Filter>Header Files</Filter>
    </ClInclude>
    <ClInclude Include="TypeTraits.h">
      <Filter>Header Files</Filter>
    </ClInclude>
    <ClInclude Include="Uncopyable.h">
      <Filter>Header Files</Filter>
    </ClInclude>
    <ClInclude Include="TFunctional.h">
      <Filter>Header Files</Filter>
    </ClInclude>
    <ClInclude Include="Entity\TObject.h">
      <Filter>Entity</Filter>
    </ClInclude>
    <ClInclude Include="Entity\TSocket.h">
      <Filter>Entity</Filter>
    </ClInclude>
    <ClInclude Include="Entity\TUser.h">
      <Filter>Entity</Filter>
    </ClInclude>
    <ClInclude Include="Entity\Room\TIGameRoom.h">
      <Filter>Entity\Room</Filter>
    </ClInclude>
    <ClInclude Include="Entity\Room\TIRoom.h">
      <Filter>Entity\Room</Filter>
    </ClInclude>
    <ClInclude Include="Entity\Room\TIWaitingRoom.h">
      <Filter>Entity\Room</Filter>
    </ClInclude>
    <ClInclude Include="TMessageObject.h">
      <Filter>Header Files</Filter>
    </ClInclude>
    <ClInclude Include="TMessageStruct.h">
      <Filter>Header Files</Filter>
    </ClInclude>
    <ClInclude Include="TProperty.h">
      <Filter>Header Files</Filter>
    </ClInclude>
    <ClInclude Include="TMessageSender.h">
      <Filter>Header Files</Filter>
    </ClInclude>
  </ItemGroup>
  <ItemGroup>
    <ClCompile Include="Validator.cpp">
      <Filter>Source Files</Filter>
    </ClCompile>
    <ClCompile Include="TMessageThread.cpp">
      <Filter>Source Files</Filter>
    </ClCompile>
    <ClCompile Include="Entity\TSocket.cpp">
      <Filter>Entity</Filter>
    </ClCompile>
    <ClCompile Include="Entity\TUser.cpp">
      <Filter>Entity</Filter>
    </ClCompile>
    <ClCompile Include="Entity\Room\TIGameRoom.cpp">
      <Filter>Entity\Room</Filter>
    </ClCompile>
    <ClCompile Include="Entity\Room\TIRoom.cpp">
      <Filter>Entity\Room</Filter>
    </ClCompile>
    <ClCompile Include="Entity\Room\TIWaitingRoom.cpp">
      <Filter>Entity\Room</Filter>
    </ClCompile>
    <ClCompile Include="TMessageObject.cpp">
      <Filter>Source Files</Filter>
    </ClCompile>
    <ClCompile Include="TMessageSender.cpp">
      <Filter>Source Files</Filter>
    </ClCompile>
    <ClCompile Include="TObject.cpp">
      <Filter>Entity</Filter>
    </ClCompile>
  </ItemGroup>
</Project>