<?xml version="1.0" encoding="utf-8"?>
<Project ToolsVersion="4.0" xmlns="http://schemas.microsoft.com/developer/msbuild/2003">
  <ItemGroup>
    <ClCompile Include="TAtomic.cpp">
      <Filter>Sources</Filter>
    </ClCompile>
    <ClCompile Include="TSocket.cpp">
      <Filter>Sources</Filter>
    </ClCompile>
    <ClCompile Include="TMessageThread.cpp">
      <Filter>Sources</Filter>
    </ClCompile>
    <ClCompile Include="Validator.cpp">
      <Filter>Sources</Filter>
    </ClCompile>
    <ClCompile Include="TUser.cpp">
      <Filter>Sources</Filter>
    </ClCompile>
    <ClCompile Include="Room\TIRoom.cpp">
      <Filter>Room</Filter>
    </ClCompile>
  </ItemGroup>
  <ItemGroup>
    <ClInclude Include="DefineInfo.h">
      <Filter>Headers</Filter>
    </ClInclude>
    <ClInclude Include="Logger.h">
      <Filter>Headers</Filter>
    </ClInclude>
    <ClInclude Include="MessageHeader.h">
      <Filter>Headers</Filter>
    </ClInclude>
    <ClInclude Include="Property.h">
      <Filter>Headers</Filter>
    </ClInclude>
    <ClInclude Include="structs.h">
      <Filter>Headers</Filter>
    </ClInclude>
    <ClInclude Include="TAtomic.h">
      <Filter>Headers</Filter>
    </ClInclude>
    <ClInclude Include="TSocket.h">
      <Filter>Headers</Filter>
    </ClInclude>
    <ClInclude Include="TMessageThread.h">
      <Filter>Headers</Filter>
    </ClInclude>
    <ClInclude Include="TSwitchingMessage.h">
      <Filter>Headers</Filter>
    </ClInclude>
    <ClInclude Include="TType.h">
      <Filter>Headers</Filter>
    </ClInclude>
    <ClInclude Include="TypeTraits.h">
      <Filter>Headers</Filter>
    </ClInclude>
    <ClInclude Include="Validator.h">
      <Filter>Headers</Filter>
    </ClInclude>
    <ClInclude Include="TObjectContainer.h">
      <Filter>Headers</Filter>
    </ClInclude>
    <ClInclude Include="TUser.h">
      <Filter>Headers</Filter>
    </ClInclude>
    <ClInclude Include="TObject.h">
      <Filter>Headers</Filter>
    </ClInclude>
    <ClInclude Include="Uncopyable.h">
      <Filter>Headers</Filter>
    </ClInclude>
    <ClInclude Include="TMessage.h">
      <Filter>Headers</Filter>
    </ClInclude>
    <ClInclude Include="TObjectContainerFactory.h">
      <Filter>Headers</Filter>
    </ClInclude>
    <ClInclude Include="Room\TIGameRoom.h">
      <Filter>Room</Filter>
    </ClInclude>
    <ClInclude Include="Room\TIWaitingRoom.h">
      <Filter>Room</Filter>
    </ClInclude>
    <ClInclude Include="Room\TIRoom.h">
      <Filter>Room</Filter>
    </ClInclude>
  </ItemGroup>
  <ItemGroup>
    <Filter Include="Headers">
      <UniqueIdentifier>{f5057fe6-c461-4a73-b716-e04d6c42b325}</UniqueIdentifier>
    </Filter>
    <Filter Include="Sources">
      <UniqueIdentifier>{d3566325-f4b3-471a-9211-1dafced9a783}</UniqueIdentifier>
    </Filter>
    <Filter Include="Room">
      <UniqueIdentifier>{a24a2206-3f42-494e-acca-936669f6fa2c}</UniqueIdentifier>
    </Filter>
  </ItemGroup>
</Project>